
Microsoft Visual Studio Solution File, Format Version 12.00
# Visual Studio Version 17
VisualStudioVersion = 17.13.35825.156 d17.13
MinimumVisualStudioVersion = 10.0.40219.1
Project("{FAE04EC0-301F-11D3-BF4B-00C04F79EFBC}") = "GitHubPipeline", "GitHubPipeline\GitHubPipeline.csproj", "{B76F0F02-379D-47C6-801A-6CC02B8DF36F}"
EndProject
Global
	GlobalSection(SolutionConfigurationPlatforms) = preSolution
		Debug|Any CPU = Debug|Any CPU
		Release|Any CPU = Release|Any CPU
	EndGlobalSection
	GlobalSection(ProjectConfigurationPlatforms) = postSolution
		{B76F0F02-379D-47C6-801A-6CC02B8DF36F}.Debug|Any CPU.ActiveCfg = Debug|Any CPU
		{B76F0F02-379D-47C6-801A-6CC02B8DF36F}.Debug|Any CPU.Build.0 = Debug|Any CPU
		{B76F0F02-379D-47C6-801A-6CC02B8DF36F}.Release|Any CPU.ActiveCfg = Release|Any CPU
		{B76F0F02-379D-47C6-801A-6CC02B8DF36F}.Release|Any CPU.Build.0 = Release|Any CPU
	EndGlobalSection
	GlobalSection(SolutionProperties) = preSolution
		HideSolutionNode = FALSE
	EndGlobalSection
	GlobalSection(ExtensibilityGlobals) = postSolution
		SolutionGuid = {5B3A75C8-EFE9-4659-9366-43974AE59FDE}
	EndGlobalSection
EndGlobal
